
Microsoft Visual Studio Solution File, Format Version 12.00
# Visual Studio Version 16
VisualStudioVersion = 16.0.28705.295
MinimumVisualStudioVersion = 10.0.40219.1
Project("{9A19103F-16F7-4668-BE54-9A1E7A4F7556}") = "DotHass.Sample", "DotHass.Sample\DotHass.Sample.csproj", "{630948E0-CED0-48E9-B932-5BEBF0CD8622}"
EndProject
Project("{2150E333-8FDC-42A3-9474-1A3956D46DE8}") = "dothass", "dothass", "{A90F914B-5716-4A97-953F-F9643FE34E3E}"
EndProject
Project("{9A19103F-16F7-4668-BE54-9A1E7A4F7556}") = "DotHass.Hosting", "DotHass.Hosting\DotHass.Hosting.csproj", "{976B796C-5646-4495-9331-FA07A85A90D7}"
EndProject
Project("{9A19103F-16F7-4668-BE54-9A1E7A4F7556}") = "DotHass.Identity", "DotHass.Identity\DotHass.Identity.csproj", "{712F4A4C-BD91-4831-BDEA-FD220DD1ABE4}"
EndProject
Project("{9A19103F-16F7-4668-BE54-9A1E7A4F7556}") = "DotHass.Middleware", "DotHass.Middleware\DotHass.Middleware.csproj", "{18C6987D-CABA-4E5C-A603-C1C5A3EAAF65}"
EndProject
Project("{9A19103F-16F7-4668-BE54-9A1E7A4F7556}") = "DotHass.Owin", "DotHass.Owin\DotHass.Owin.csproj", "{6697AF8A-50B1-45B5-B0C1-57F7E9C2F540}"
EndProject
Project("{9A19103F-16F7-4668-BE54-9A1E7A4F7556}") = "DotHass.Repository", "DotHass.Repository\DotHass.Repository.csproj", "{F96E8C19-B4BC-4504-8BFC-C4318E488142}"
EndProject
Project("{9A19103F-16F7-4668-BE54-9A1E7A4F7556}") = "DotHass.Server", "DotHass.Server\DotHass.Server.csproj", "{17A23B78-82D1-4D7D-AE56-1F42CD51A5FA}"
EndProject
Project("{9A19103F-16F7-4668-BE54-9A1E7A4F7556}") = "DotHass.Test", "DotHass.Test\DotHass.Test.csproj", "{CE2ADD1E-AD08-41E6-BC83-0337CF0ADACA}"
EndProject
Project("{9A19103F-16F7-4668-BE54-9A1E7A4F7556}") = "DotHass.Tools.ExcelExport", "DotHass.Tools.ExcelExport\DotHass.Tools.ExcelExport.csproj", "{9E48505E-983C-496F-82EB-413EB5E4CF43}"
EndProject
Project("{8BC9CEB8-8B4A-11D0-8D11-00A0C91BC942}") = "kcp", "kcp\kcp.vcxproj", "{556CD20C-5AAA-4BD0-A4DA-CB4FFBBECCC2}"
EndProject
Project("{2150E333-8FDC-42A3-9474-1A3956D46DE8}") = "libraries", "libraries", "{E39C80DB-EBC6-491D-A995-8937F467F514}"
EndProject
Project("{9A19103F-16F7-4668-BE54-9A1E7A4F7556}") = "DotNetty.Codecs", "libraries\dotnetty\src\DotNetty.Codecs\DotNetty.Codecs.csproj", "{70623BF4-D6C4-4C94-85EB-25F622668824}"
EndProject
Project("{9A19103F-16F7-4668-BE54-9A1E7A4F7556}") = "DotNetty.Codecs.Http", "libraries\dotnetty\src\DotNetty.Codecs.Http\DotNetty.Codecs.Http.csproj", "{030E906F-7BAF-4935-AA61-3271BAEFE9E4}"
EndProject
Project("{9A19103F-16F7-4668-BE54-9A1E7A4F7556}") = "DotNetty.Handlers", "libraries\dotnetty\src\DotNetty.Handlers\DotNetty.Handlers.csproj", "{69D0B7FD-1924-447E-A76A-E659AE3DB115}"
EndProject
Project("{9A19103F-16F7-4668-BE54-9A1E7A4F7556}") = "DotNetty.Transport", "libraries\dotnetty\src\DotNetty.Transport\DotNetty.Transport.csproj", "{984FF77A-0E10-4097-BDA6-2823E78618C8}"
EndProject
Project("{9A19103F-16F7-4668-BE54-9A1E7A4F7556}") = "DotNetty.Buffers", "libraries\dotnetty\src\DotNetty.Buffers\DotNetty.Buffers.csproj", "{4C0E4986-F9A1-41EE-9B0B-72299AE6D7A4}"
EndProject
Project("{9A19103F-16F7-4668-BE54-9A1E7A4F7556}") = "DotNetty.Common", "libraries\dotnetty\src\DotNetty.Common\DotNetty.Common.csproj", "{6FEF4397-9750-4B14-A576-4BB141149485}"
EndProject
Global
	GlobalSection(SolutionConfigurationPlatforms) = preSolution
		Debug|Any CPU = Debug|Any CPU
		Debug|x64 = Debug|x64
		Debug|x86 = Debug|x86
		Release|Any CPU = Release|Any CPU
		Release|x64 = Release|x64
		Release|x86 = Release|x86
	EndGlobalSection
	GlobalSection(ProjectConfigurationPlatforms) = postSolution
		{630948E0-CED0-48E9-B932-5BEBF0CD8622}.Debug|Any CPU.ActiveCfg = Debug|Any CPU
		{630948E0-CED0-48E9-B932-5BEBF0CD8622}.Debug|Any CPU.Build.0 = Debug|Any CPU
		{630948E0-CED0-48E9-B932-5BEBF0CD8622}.Debug|x64.ActiveCfg = Debug|Any CPU
		{630948E0-CED0-48E9-B932-5BEBF0CD8622}.Debug|x64.Build.0 = Debug|Any CPU
		{630948E0-CED0-48E9-B932-5BEBF0CD8622}.Debug|x86.ActiveCfg = Debug|Any CPU
		{630948E0-CED0-48E9-B932-5BEBF0CD8622}.Debug|x86.Build.0 = Debug|Any CPU
		{630948E0-CED0-48E9-B932-5BEBF0CD8622}.Release|Any CPU.ActiveCfg = Release|Any CPU
		{630948E0-CED0-48E9-B932-5BEBF0CD8622}.Release|Any CPU.Build.0 = Release|Any CPU
		{630948E0-CED0-48E9-B932-5BEBF0CD8622}.Release|x64.ActiveCfg = Release|Any CPU
		{630948E0-CED0-48E9-B932-5BEBF0CD8622}.Release|x64.Build.0 = Release|Any CPU
		{630948E0-CED0-48E9-B932-5BEBF0CD8622}.Release|x86.ActiveCfg = Release|Any CPU
		{630948E0-CED0-48E9-B932-5BEBF0CD8622}.Release|x86.Build.0 = Release|Any CPU
		{976B796C-5646-4495-9331-FA07A85A90D7}.Debug|Any CPU.ActiveCfg = Debug|Any CPU
		{976B796C-5646-4495-9331-FA07A85A90D7}.Debug|Any CPU.Build.0 = Debug|Any CPU
		{976B796C-5646-4495-9331-FA07A85A90D7}.Debug|x64.ActiveCfg = Debug|Any CPU
		{976B796C-5646-4495-9331-FA07A85A90D7}.Debug|x64.Build.0 = Debug|Any CPU
		{976B796C-5646-4495-9331-FA07A85A90D7}.Debug|x86.ActiveCfg = Debug|Any CPU
		{976B796C-5646-4495-9331-FA07A85A90D7}.Debug|x86.Build.0 = Debug|Any CPU
		{976B796C-5646-4495-9331-FA07A85A90D7}.Release|Any CPU.ActiveCfg = Release|Any CPU
		{976B796C-5646-4495-9331-FA07A85A90D7}.Release|Any CPU.Build.0 = Release|Any CPU
		{976B796C-5646-4495-9331-FA07A85A90D7}.Release|x64.ActiveCfg = Release|Any CPU
		{976B796C-5646-4495-9331-FA07A85A90D7}.Release|x64.Build.0 = Release|Any CPU
		{976B796C-5646-4495-9331-FA07A85A90D7}.Release|x86.ActiveCfg = Release|Any CPU
		{976B796C-5646-4495-9331-FA07A85A90D7}.Release|x86.Build.0 = Release|Any CPU
		{712F4A4C-BD91-4831-BDEA-FD220DD1ABE4}.Debug|Any CPU.ActiveCfg = Debug|Any CPU
		{712F4A4C-BD91-4831-BDEA-FD220DD1ABE4}.Debug|Any CPU.Build.0 = Debug|Any CPU
		{712F4A4C-BD91-4831-BDEA-FD220DD1ABE4}.Debug|x64.ActiveCfg = Debug|Any CPU
		{712F4A4C-BD91-4831-BDEA-FD220DD1ABE4}.Debug|x64.Build.0 = Debug|Any CPU
		{712F4A4C-BD91-4831-BDEA-FD220DD1ABE4}.Debug|x86.ActiveCfg = Debug|Any CPU
		{712F4A4C-BD91-4831-BDEA-FD220DD1ABE4}.Debug|x86.Build.0 = Debug|Any CPU
		{712F4A4C-BD91-4831-BDEA-FD220DD1ABE4}.Release|Any CPU.ActiveCfg = Release|Any CPU
		{712F4A4C-BD91-4831-BDEA-FD220DD1ABE4}.Release|Any CPU.Build.0 = Release|Any CPU
		{712F4A4C-BD91-4831-BDEA-FD220DD1ABE4}.Release|x64.ActiveCfg = Release|Any CPU
		{712F4A4C-BD91-4831-BDEA-FD220DD1ABE4}.Release|x64.Build.0 = Release|Any CPU
		{712F4A4C-BD91-4831-BDEA-FD220DD1ABE4}.Release|x86.ActiveCfg = Release|Any CPU
		{712F4A4C-BD91-4831-BDEA-FD220DD1ABE4}.Release|x86.Build.0 = Release|Any CPU
		{18C6987D-CABA-4E5C-A603-C1C5A3EAAF65}.Debug|Any CPU.ActiveCfg = Debug|Any CPU
		{18C6987D-CABA-4E5C-A603-C1C5A3EAAF65}.Debug|Any CPU.Build.0 = Debug|Any CPU
		{18C6987D-CABA-4E5C-A603-C1C5A3EAAF65}.Debug|x64.ActiveCfg = Debug|Any CPU
		{18C6987D-CABA-4E5C-A603-C1C5A3EAAF65}.Debug|x64.Build.0 = Debug|Any CPU
		{18C6987D-CABA-4E5C-A603-C1C5A3EAAF65}.Debug|x86.ActiveCfg = Debug|Any CPU
		{18C6987D-CABA-4E5C-A603-C1C5A3EAAF65}.Debug|x86.Build.0 = Debug|Any CPU
		{18C6987D-CABA-4E5C-A603-C1C5A3EAAF65}.Release|Any CPU.ActiveCfg = Release|Any CPU
		{18C6987D-CABA-4E5C-A603-C1C5A3EAAF65}.Release|Any CPU.Build.0 = Release|Any CPU
		{18C6987D-CABA-4E5C-A603-C1C5A3EAAF65}.Release|x64.ActiveCfg = Release|Any CPU
		{18C6987D-CABA-4E5C-A603-C1C5A3EAAF65}.Release|x64.Build.0 = Release|Any CPU
		{18C6987D-CABA-4E5C-A603-C1C5A3EAAF65}.Release|x86.ActiveCfg = Release|Any CPU
		{18C6987D-CABA-4E5C-A603-C1C5A3EAAF65}.Release|x86.Build.0 = Release|Any CPU
		{6697AF8A-50B1-45B5-B0C1-57F7E9C2F540}.Debug|Any CPU.ActiveCfg = Debug|Any CPU
		{6697AF8A-50B1-45B5-B0C1-57F7E9C2F540}.Debug|Any CPU.Build.0 = Debug|Any CPU
		{6697AF8A-50B1-45B5-B0C1-57F7E9C2F540}.Debug|x64.ActiveCfg = Debug|Any CPU
		{6697AF8A-50B1-45B5-B0C1-57F7E9C2F540}.Debug|x64.Build.0 = Debug|Any CPU
		{6697AF8A-50B1-45B5-B0C1-57F7E9C2F540}.Debug|x86.ActiveCfg = Debug|Any CPU
		{6697AF8A-50B1-45B5-B0C1-57F7E9C2F540}.Debug|x86.Build.0 = Debug|Any CPU
		{6697AF8A-50B1-45B5-B0C1-57F7E9C2F540}.Release|Any CPU.ActiveCfg = Release|Any CPU
		{6697AF8A-50B1-45B5-B0C1-57F7E9C2F540}.Release|Any CPU.Build.0 = Release|Any CPU
		{6697AF8A-50B1-45B5-B0C1-57F7E9C2F540}.Release|x64.ActiveCfg = Release|Any CPU
		{6697AF8A-50B1-45B5-B0C1-57F7E9C2F540}.Release|x64.Build.0 = Release|Any CPU
		{6697AF8A-50B1-45B5-B0C1-57F7E9C2F540}.Release|x86.ActiveCfg = Release|Any CPU
		{6697AF8A-50B1-45B5-B0C1-57F7E9C2F540}.Release|x86.Build.0 = Release|Any CPU
		{F96E8C19-B4BC-4504-8BFC-C4318E488142}.Debug|Any CPU.ActiveCfg = Debug|Any CPU
		{F96E8C19-B4BC-4504-8BFC-C4318E488142}.Debug|Any CPU.Build.0 = Debug|Any CPU
		{F96E8C19-B4BC-4504-8BFC-C4318E488142}.Debug|x64.ActiveCfg = Debug|Any CPU
		{F96E8C19-B4BC-4504-8BFC-C4318E488142}.Debug|x64.Build.0 = Debug|Any CPU
		{F96E8C19-B4BC-4504-8BFC-C4318E488142}.Debug|x86.ActiveCfg = Debug|Any CPU
		{F96E8C19-B4BC-4504-8BFC-C4318E488142}.Debug|x86.Build.0 = Debug|Any CPU
		{F96E8C19-B4BC-4504-8BFC-C4318E488142}.Release|Any CPU.ActiveCfg = Release|Any CPU
		{F96E8C19-B4BC-4504-8BFC-C4318E488142}.Release|Any CPU.Build.0 = Release|Any CPU
		{F96E8C19-B4BC-4504-8BFC-C4318E488142}.Release|x64.ActiveCfg = Release|Any CPU
		{F96E8C19-B4BC-4504-8BFC-C4318E488142}.Release|x64.Build.0 = Release|Any CPU
		{F96E8C19-B4BC-4504-8BFC-C4318E488142}.Release|x86.ActiveCfg = Release|Any CPU
		{F96E8C19-B4BC-4504-8BFC-C4318E488142}.Release|x86.Build.0 = Release|Any CPU
		{17A23B78-82D1-4D7D-AE56-1F42CD51A5FA}.Debug|Any CPU.ActiveCfg = Debug|Any CPU
		{17A23B78-82D1-4D7D-AE56-1F42CD51A5FA}.Debug|Any CPU.Build.0 = Debug|Any CPU
		{17A23B78-82D1-4D7D-AE56-1F42CD51A5FA}.Debug|x64.ActiveCfg = Debug|Any CPU
		{17A23B78-82D1-4D7D-AE56-1F42CD51A5FA}.Debug|x64.Build.0 = Debug|Any CPU
		{17A23B78-82D1-4D7D-AE56-1F42CD51A5FA}.Debug|x86.ActiveCfg = Debug|Any CPU
		{17A23B78-82D1-4D7D-AE56-1F42CD51A5FA}.Debug|x86.Build.0 = Debug|Any CPU
		{17A23B78-82D1-4D7D-AE56-1F42CD51A5FA}.Release|Any CPU.ActiveCfg = Release|Any CPU
		{17A23B78-82D1-4D7D-AE56-1F42CD51A5FA}.Release|Any CPU.Build.0 = Release|Any CPU
		{17A23B78-82D1-4D7D-AE56-1F42CD51A5FA}.Release|x64.ActiveCfg = Release|Any CPU
		{17A23B78-82D1-4D7D-AE56-1F42CD51A5FA}.Release|x64.Build.0 = Release|Any CPU
		{17A23B78-82D1-4D7D-AE56-1F42CD51A5FA}.Release|x86.ActiveCfg = Release|Any CPU
		{17A23B78-82D1-4D7D-AE56-1F42CD51A5FA}.Release|x86.Build.0 = Release|Any CPU
		{CE2ADD1E-AD08-41E6-BC83-0337CF0ADACA}.Debug|Any CPU.ActiveCfg = Debug|Any CPU
		{CE2ADD1E-AD08-41E6-BC83-0337CF0ADACA}.Debug|Any CPU.Build.0 = Debug|Any CPU
		{CE2ADD1E-AD08-41E6-BC83-0337CF0ADACA}.Debug|x64.ActiveCfg = Debug|Any CPU
		{CE2ADD1E-AD08-41E6-BC83-0337CF0ADACA}.Debug|x64.Build.0 = Debug|Any CPU
		{CE2ADD1E-AD08-41E6-BC83-0337CF0ADACA}.Debug|x86.ActiveCfg = Debug|Any CPU
		{CE2ADD1E-AD08-41E6-BC83-0337CF0ADACA}.Debug|x86.Build.0 = Debug|Any CPU
		{CE2ADD1E-AD08-41E6-BC83-0337CF0ADACA}.Release|Any CPU.ActiveCfg = Release|Any CPU
		{CE2ADD1E-AD08-41E6-BC83-0337CF0ADACA}.Release|Any CPU.Build.0 = Release|Any CPU
		{CE2ADD1E-AD08-41E6-BC83-0337CF0ADACA}.Release|x64.ActiveCfg = Release|Any CPU
		{CE2ADD1E-AD08-41E6-BC83-0337CF0ADACA}.Release|x64.Build.0 = Release|Any CPU
		{CE2ADD1E-AD08-41E6-BC83-0337CF0ADACA}.Release|x86.ActiveCfg = Release|Any CPU
		{CE2ADD1E-AD08-41E6-BC83-0337CF0ADACA}.Release|x86.Build.0 = Release|Any CPU
		{9E48505E-983C-496F-82EB-413EB5E4CF43}.Debug|Any CPU.ActiveCfg = Debug|Any CPU
		{9E48505E-983C-496F-82EB-413EB5E4CF43}.Debug|Any CPU.Build.0 = Debug|Any CPU
		{9E48505E-983C-496F-82EB-413EB5E4CF43}.Debug|x64.ActiveCfg = Debug|Any CPU
		{9E48505E-983C-496F-82EB-413EB5E4CF43}.Debug|x64.Build.0 = Debug|Any CPU
		{9E48505E-983C-496F-82EB-413EB5E4CF43}.Debug|x86.ActiveCfg = Debug|Any CPU
		{9E48505E-983C-496F-82EB-413EB5E4CF43}.Debug|x86.Build.0 = Debug|Any CPU
		{9E48505E-983C-496F-82EB-413EB5E4CF43}.Release|Any CPU.ActiveCfg = Release|Any CPU
		{9E48505E-983C-496F-82EB-413EB5E4CF43}.Release|Any CPU.Build.0 = Release|Any CPU
		{9E48505E-983C-496F-82EB-413EB5E4CF43}.Release|x64.ActiveCfg = Release|Any CPU
		{9E48505E-983C-496F-82EB-413EB5E4CF43}.Release|x64.Build.0 = Release|Any CPU
		{9E48505E-983C-496F-82EB-413EB5E4CF43}.Release|x86.ActiveCfg = Release|Any CPU
		{9E48505E-983C-496F-82EB-413EB5E4CF43}.Release|x86.Build.0 = Release|Any CPU
		{556CD20C-5AAA-4BD0-A4DA-CB4FFBBECCC2}.Debug|Any CPU.ActiveCfg = Debug|Win32
		{556CD20C-5AAA-4BD0-A4DA-CB4FFBBECCC2}.Debug|x64.ActiveCfg = Debug|x64
		{556CD20C-5AAA-4BD0-A4DA-CB4FFBBECCC2}.Debug|x64.Build.0 = Debug|x64
		{556CD20C-5AAA-4BD0-A4DA-CB4FFBBECCC2}.Debug|x86.ActiveCfg = Debug|Win32
		{556CD20C-5AAA-4BD0-A4DA-CB4FFBBECCC2}.Debug|x86.Build.0 = Debug|Win32
		{556CD20C-5AAA-4BD0-A4DA-CB4FFBBECCC2}.Release|Any CPU.ActiveCfg = Release|Win32
		{556CD20C-5AAA-4BD0-A4DA-CB4FFBBECCC2}.Release|x64.ActiveCfg = Release|x64
		{556CD20C-5AAA-4BD0-A4DA-CB4FFBBECCC2}.Release|x64.Build.0 = Release|x64
		{556CD20C-5AAA-4BD0-A4DA-CB4FFBBECCC2}.Release|x86.ActiveCfg = Release|Win32
		{556CD20C-5AAA-4BD0-A4DA-CB4FFBBECCC2}.Release|x86.Build.0 = Release|Win32
		{70623BF4-D6C4-4C94-85EB-25F622668824}.Debug|Any CPU.ActiveCfg = Debug|Any CPU
		{70623BF4-D6C4-4C94-85EB-25F622668824}.Debug|Any CPU.Build.0 = Debug|Any CPU
		{70623BF4-D6C4-4C94-85EB-25F622668824}.Debug|x64.ActiveCfg = Debug|Any CPU
		{70623BF4-D6C4-4C94-85EB-25F622668824}.Debug|x64.Build.0 = Debug|Any CPU
		{70623BF4-D6C4-4C94-85EB-25F622668824}.Debug|x86.ActiveCfg = Debug|Any CPU
		{70623BF4-D6C4-4C94-85EB-25F622668824}.Debug|x86.Build.0 = Debug|Any CPU
		{70623BF4-D6C4-4C94-85EB-25F622668824}.Release|Any CPU.ActiveCfg = Release|Any CPU
		{70623BF4-D6C4-4C94-85EB-25F622668824}.Release|Any CPU.Build.0 = Release|Any CPU
		{70623BF4-D6C4-4C94-85EB-25F622668824}.Release|x64.ActiveCfg = Release|Any CPU
		{70623BF4-D6C4-4C94-85EB-25F622668824}.Release|x64.Build.0 = Release|Any CPU
		{70623BF4-D6C4-4C94-85EB-25F622668824}.Release|x86.ActiveCfg = Release|Any CPU
		{70623BF4-D6C4-4C94-85EB-25F622668824}.Release|x86.Build.0 = Release|Any CPU
		{030E906F-7BAF-4935-AA61-3271BAEFE9E4}.Debug|Any CPU.ActiveCfg = Debug|Any CPU
		{030E906F-7BAF-4935-AA61-3271BAEFE9E4}.Debug|Any CPU.Build.0 = Debug|Any CPU
		{030E906F-7BAF-4935-AA61-3271BAEFE9E4}.Debug|x64.ActiveCfg = Debug|Any CPU
		{030E906F-7BAF-4935-AA61-3271BAEFE9E4}.Debug|x64.Build.0 = Debug|Any CPU
		{030E906F-7BAF-4935-AA61-3271BAEFE9E4}.Debug|x86.ActiveCfg = Debug|Any CPU
		{030E906F-7BAF-4935-AA61-3271BAEFE9E4}.Debug|x86.Build.0 = Debug|Any CPU
		{030E906F-7BAF-4935-AA61-3271BAEFE9E4}.Release|Any CPU.ActiveCfg = Release|Any CPU
		{030E906F-7BAF-4935-AA61-3271BAEFE9E4}.Release|Any CPU.Build.0 = Release|Any CPU
		{030E906F-7BAF-4935-AA61-3271BAEFE9E4}.Release|x64.ActiveCfg = Release|Any CPU
		{030E906F-7BAF-4935-AA61-3271BAEFE9E4}.Release|x64.Build.0 = Release|Any CPU
		{030E906F-7BAF-4935-AA61-3271BAEFE9E4}.Release|x86.ActiveCfg = Release|Any CPU
		{030E906F-7BAF-4935-AA61-3271BAEFE9E4}.Release|x86.Build.0 = Release|Any CPU
		{69D0B7FD-1924-447E-A76A-E659AE3DB115}.Debug|Any CPU.ActiveCfg = Debug|Any CPU
		{69D0B7FD-1924-447E-A76A-E659AE3DB115}.Debug|Any CPU.Build.0 = Debug|Any CPU
		{69D0B7FD-1924-447E-A76A-E659AE3DB115}.Debug|x64.ActiveCfg = Debug|Any CPU
		{69D0B7FD-1924-447E-A76A-E659AE3DB115}.Debug|x64.Build.0 = Debug|Any CPU
		{69D0B7FD-1924-447E-A76A-E659AE3DB115}.Debug|x86.ActiveCfg = Debug|Any CPU
		{69D0B7FD-1924-447E-A76A-E659AE3DB115}.Debug|x86.Build.0 = Debug|Any CPU
		{69D0B7FD-1924-447E-A76A-E659AE3DB115}.Release|Any CPU.ActiveCfg = Release|Any CPU
		{69D0B7FD-1924-447E-A76A-E659AE3DB115}.Release|Any CPU.Build.0 = Release|Any CPU
		{69D0B7FD-1924-447E-A76A-E659AE3DB115}.Release|x64.ActiveCfg = Release|Any CPU
		{69D0B7FD-1924-447E-A76A-E659AE3DB115}.Release|x64.Build.0 = Release|Any CPU
		{69D0B7FD-1924-447E-A76A-E659AE3DB115}.Release|x86.ActiveCfg = Release|Any CPU
		{69D0B7FD-1924-447E-A76A-E659AE3DB115}.Release|x86.Build.0 = Release|Any CPU
		{984FF77A-0E10-4097-BDA6-2823E78618C8}.Debug|Any CPU.ActiveCfg = Debug|Any CPU
		{984FF77A-0E10-4097-BDA6-2823E78618C8}.Debug|Any CPU.Build.0 = Debug|Any CPU
		{984FF77A-0E10-4097-BDA6-2823E78618C8}.Debug|x64.ActiveCfg = Debug|Any CPU
		{984FF77A-0E10-4097-BDA6-2823E78618C8}.Debug|x64.Build.0 = Debug|Any CPU
		{984FF77A-0E10-4097-BDA6-2823E78618C8}.Debug|x86.ActiveCfg = Debug|Any CPU
		{984FF77A-0E10-4097-BDA6-2823E78618C8}.Debug|x86.Build.0 = Debug|Any CPU
		{984FF77A-0E10-4097-BDA6-2823E78618C8}.Release|Any CPU.ActiveCfg = Release|Any CPU
		{984FF77A-0E10-4097-BDA6-2823E78618C8}.Release|Any CPU.Build.0 = Release|Any CPU
		{984FF77A-0E10-4097-BDA6-2823E78618C8}.Release|x64.ActiveCfg = Release|Any CPU
		{984FF77A-0E10-4097-BDA6-2823E78618C8}.Release|x64.Build.0 = Release|Any CPU
		{984FF77A-0E10-4097-BDA6-2823E78618C8}.Release|x86.ActiveCfg = Release|Any CPU
		{984FF77A-0E10-4097-BDA6-2823E78618C8}.Release|x86.Build.0 = Release|Any CPU
		{4C0E4986-F9A1-41EE-9B0B-72299AE6D7A4}.Debug|Any CPU.ActiveCfg = Debug|Any CPU
		{4C0E4986-F9A1-41EE-9B0B-72299AE6D7A4}.Debug|Any CPU.Build.0 = Debug|Any CPU
		{4C0E4986-F9A1-41EE-9B0B-72299AE6D7A4}.Debug|x64.ActiveCfg = Debug|Any CPU
		{4C0E4986-F9A1-41EE-9B0B-72299AE6D7A4}.Debug|x64.Build.0 = Debug|Any CPU
		{4C0E4986-F9A1-41EE-9B0B-72299AE6D7A4}.Debug|x86.ActiveCfg = Debug|Any CPU
		{4C0E4986-F9A1-41EE-9B0B-72299AE6D7A4}.Debug|x86.Build.0 = Debug|Any CPU
		{4C0E4986-F9A1-41EE-9B0B-72299AE6D7A4}.Release|Any CPU.ActiveCfg = Release|Any CPU
		{4C0E4986-F9A1-41EE-9B0B-72299AE6D7A4}.Release|Any CPU.Build.0 = Release|Any CPU
		{4C0E4986-F9A1-41EE-9B0B-72299AE6D7A4}.Release|x64.ActiveCfg = Release|Any CPU
		{4C0E4986-F9A1-41EE-9B0B-72299AE6D7A4}.Release|x64.Build.0 = Release|Any CPU
		{4C0E4986-F9A1-41EE-9B0B-72299AE6D7A4}.Release|x86.ActiveCfg = Release|Any CPU
		{4C0E4986-F9A1-41EE-9B0B-72299AE6D7A4}.Release|x86.Build.0 = Release|Any CPU
		{6FEF4397-9750-4B14-A576-4BB141149485}.Debug|Any CPU.ActiveCfg = Debug|Any CPU
		{6FEF4397-9750-4B14-A576-4BB141149485}.Debug|Any CPU.Build.0 = Debug|Any CPU
		{6FEF4397-9750-4B14-A576-4BB141149485}.Debug|x64.ActiveCfg = Debug|Any CPU
		{6FEF4397-9750-4B14-A576-4BB141149485}.Debug|x64.Build.0 = Debug|Any CPU
		{6FEF4397-9750-4B14-A576-4BB141149485}.Debug|x86.ActiveCfg = Debug|Any CPU
		{6FEF4397-9750-4B14-A576-4BB141149485}.Debug|x86.Build.0 = Debug|Any CPU
		{6FEF4397-9750-4B14-A576-4BB141149485}.Release|Any CPU.ActiveCfg = Release|Any CPU
		{6FEF4397-9750-4B14-A576-4BB141149485}.Release|Any CPU.Build.0 = Release|Any CPU
		{6FEF4397-9750-4B14-A576-4BB141149485}.Release|x64.ActiveCfg = Release|Any CPU
		{6FEF4397-9750-4B14-A576-4BB141149485}.Release|x64.Build.0 = Release|Any CPU
		{6FEF4397-9750-4B14-A576-4BB141149485}.Release|x86.ActiveCfg = Release|Any CPU
		{6FEF4397-9750-4B14-A576-4BB141149485}.Release|x86.Build.0 = Release|Any CPU
	EndGlobalSection
	GlobalSection(SolutionProperties) = preSolution
		HideSolutionNode = FALSE
	EndGlobalSection
	GlobalSection(NestedProjects) = preSolution
		{976B796C-5646-4495-9331-FA07A85A90D7} = {A90F914B-5716-4A97-953F-F9643FE34E3E}
		{712F4A4C-BD91-4831-BDEA-FD220DD1ABE4} = {A90F914B-5716-4A97-953F-F9643FE34E3E}
		{18C6987D-CABA-4E5C-A603-C1C5A3EAAF65} = {A90F914B-5716-4A97-953F-F9643FE34E3E}
		{6697AF8A-50B1-45B5-B0C1-57F7E9C2F540} = {A90F914B-5716-4A97-953F-F9643FE34E3E}
		{F96E8C19-B4BC-4504-8BFC-C4318E488142} = {A90F914B-5716-4A97-953F-F9643FE34E3E}
		{17A23B78-82D1-4D7D-AE56-1F42CD51A5FA} = {A90F914B-5716-4A97-953F-F9643FE34E3E}
		{CE2ADD1E-AD08-41E6-BC83-0337CF0ADACA} = {A90F914B-5716-4A97-953F-F9643FE34E3E}
		{9E48505E-983C-496F-82EB-413EB5E4CF43} = {A90F914B-5716-4A97-953F-F9643FE34E3E}
		{556CD20C-5AAA-4BD0-A4DA-CB4FFBBECCC2} = {A90F914B-5716-4A97-953F-F9643FE34E3E}
		{70623BF4-D6C4-4C94-85EB-25F622668824} = {E39C80DB-EBC6-491D-A995-8937F467F514}
		{030E906F-7BAF-4935-AA61-3271BAEFE9E4} = {E39C80DB-EBC6-491D-A995-8937F467F514}
		{69D0B7FD-1924-447E-A76A-E659AE3DB115} = {E39C80DB-EBC6-491D-A995-8937F467F514}
		{984FF77A-0E10-4097-BDA6-2823E78618C8} = {E39C80DB-EBC6-491D-A995-8937F467F514}
		{4C0E4986-F9A1-41EE-9B0B-72299AE6D7A4} = {E39C80DB-EBC6-491D-A995-8937F467F514}
		{6FEF4397-9750-4B14-A576-4BB141149485} = {E39C80DB-EBC6-491D-A995-8937F467F514}
	EndGlobalSection
	GlobalSection(ExtensibilityGlobals) = postSolution
		SolutionGuid = {93DD3DC3-8B97-40C9-B10D-3B34D290E77D}
	EndGlobalSection
EndGlobal
